
Microsoft Visual Studio Solution File, Format Version 12.00
# Visual Studio Version 16
VisualStudioVersion = 16.0.29418.71
MinimumVisualStudioVersion = 10.0.40219.1
Project("{FAE04EC0-301F-11D3-BF4B-00C04F79EFBC}") = "Solver", "Solver\Solver.csproj", "{5D075322-D9A5-474B-A091-C9FAC90CC12B}"
EndProject
Project("{FAE04EC0-301F-11D3-BF4B-00C04F79EFBC}") = "Solver.Test", "Solver.Test\Solver.Test.csproj", "{61735A79-8D26-421F-ACAD-30516BF99B77}"
EndProject
Global
	GlobalSection(SolutionConfigurationPlatforms) = preSolution
		Debug|Any CPU = Debug|Any CPU
		Release|Any CPU = Release|Any CPU
	EndGlobalSection
	GlobalSection(ProjectConfigurationPlatforms) = postSolution
		{5D075322-D9A5-474B-A091-C9FAC90CC12B}.Debug|Any CPU.ActiveCfg = Debug|Any CPU
		{5D075322-D9A5-474B-A091-C9FAC90CC12B}.Debug|Any CPU.Build.0 = Debug|Any CPU
		{5D075322-D9A5-474B-A091-C9FAC90CC12B}.Release|Any CPU.ActiveCfg = Release|Any CPU
		{5D075322-D9A5-474B-A091-C9FAC90CC12B}.Release|Any CPU.Build.0 = Release|Any CPU
		{61735A79-8D26-421F-ACAD-30516BF99B77}.Debug|Any CPU.ActiveCfg = Debug|Any CPU
		{61735A79-8D26-421F-ACAD-30516BF99B77}.Debug|Any CPU.Build.0 = Debug|Any CPU
		{61735A79-8D26-421F-ACAD-30516BF99B77}.Release|Any CPU.ActiveCfg = Release|Any CPU
		{61735A79-8D26-421F-ACAD-30516BF99B77}.Release|Any CPU.Build.0 = Release|Any CPU
	EndGlobalSection
	GlobalSection(SolutionProperties) = preSolution
		HideSolutionNode = FALSE
	EndGlobalSection
	GlobalSection(ExtensibilityGlobals) = postSolution
		SolutionGuid = {A0878F35-0365-4C97-8261-1FCA24147871}
	EndGlobalSection
EndGlobal
